PODS:
  - CYFWeekDayPicker (0.1.0)
  - Expecta (1.0.0)
  - Specta (1.0.2)

DEPENDENCIES:
  - CYFWeekDayPicker (from `../`)
  - Expecta
  - Specta

EXTERNAL SOURCES:
  CYFWeekDayPicker:
    :path: ../

SPEC CHECKSUMS:
  CYFWeekDayPicker: 2c5d8b7ba1a1a8e043b2b40d28077b08d09d6a7c
  Expecta: 32604574add2c46a36f8d2f716b6c5736eb75024
  Specta: 9cec98310dca411f7c7ffd6943552b501622abfe

COCOAPODS: 0.37.2
